
Microsoft Visual Studio Solution File, Format Version 12.00
# Visual Studio Version 17
VisualStudioVersion = 17.2.32630.192
MinimumVisualStudioVersion = 10.0.40219.1
Project("{9A19103F-16F7-4668-BE54-9A1E7A4F7556}") = "CompanyEmployees", "WebAPI_Full_Example\CompanyEmployees.csproj", "{51276655-1D2C-4F3F-87CF-CD149DA1D574}"
EndProject
Project("{9A19103F-16F7-4668-BE54-9A1E7A4F7556}") = "Contracts", "Contracts\Contracts.csproj", "{D3342C11-4B27-4E06-B5CE-882A701683FF}"
EndProject
Project("{9A19103F-16F7-4668-BE54-9A1E7A4F7556}") = "LoggerService", "LoggerService\LoggerService.csproj", "{2A54B9D8-996B-4E93-9ACE-CCC66D545D46}"
EndProject
Project("{9A19103F-16F7-4668-BE54-9A1E7A4F7556}") = "Entities", "Entities\Entities.csproj", "{DEE3CCB4-139B-43B4-9756-E9B92B953053}"
EndProject
Project("{9A19103F-16F7-4668-BE54-9A1E7A4F7556}") = "Repository", "Repository\Repository.csproj", "{3582DAA4-F5DF-410A-AB4B-0D64212CC2AD}"
EndProject
Project("{9A19103F-16F7-4668-BE54-9A1E7A4F7556}") = "Service.Contracts", "Service.Contracts\Service.Contracts.csproj", "{2DE5EF71-0E50-480E-B4D0-EA140CAA0239}"
EndProject
Project("{9A19103F-16F7-4668-BE54-9A1E7A4F7556}") = "Service", "Service\Service.csproj", "{ABE7CB99-0FD6-4C86-A103-1140F27F2F49}"
EndProject
Project("{FAE04EC0-301F-11D3-BF4B-00C04F79EFBC}") = "CompanyEmployees.Presentation", "CompanyEmployees.Presentation\CompanyEmployees.Presentation.csproj", "{F22DECE7-5280-45BE-BBB0-DA3637405712}"
EndProject
Project("{FAE04EC0-301F-11D3-BF4B-00C04F79EFBC}") = "Shared", "Shared\Shared.csproj", "{95677745-A18D-4F4A-9C61-8288FF462F33}"
EndProject
Global
	GlobalSection(SolutionConfigurationPlatforms) = preSolution
		Debug|Any CPU = Debug|Any CPU
		Release|Any CPU = Release|Any CPU
	EndGlobalSection
	GlobalSection(ProjectConfigurationPlatforms) = postSolution
		{51276655-1D2C-4F3F-87CF-CD149DA1D574}.Debug|Any CPU.ActiveCfg = Debug|Any CPU
		{51276655-1D2C-4F3F-87CF-CD149DA1D574}.Debug|Any CPU.Build.0 = Debug|Any CPU
		{51276655-1D2C-4F3F-87CF-CD149DA1D574}.Release|Any CPU.ActiveCfg = Release|Any CPU
		{51276655-1D2C-4F3F-87CF-CD149DA1D574}.Release|Any CPU.Build.0 = Release|Any CPU
		{D3342C11-4B27-4E06-B5CE-882A701683FF}.Debug|Any CPU.ActiveCfg = Debug|Any CPU
		{D3342C11-4B27-4E06-B5CE-882A701683FF}.Debug|Any CPU.Build.0 = Debug|Any CPU
		{D3342C11-4B27-4E06-B5CE-882A701683FF}.Release|Any CPU.ActiveCfg = Release|Any CPU
		{D3342C11-4B27-4E06-B5CE-882A701683FF}.Release|Any CPU.Build.0 = Release|Any CPU
		{2A54B9D8-996B-4E93-9ACE-CCC66D545D46}.Debug|Any CPU.ActiveCfg = Debug|Any CPU
		{2A54B9D8-996B-4E93-9ACE-CCC66D545D46}.Debug|Any CPU.Build.0 = Debug|Any CPU
		{2A54B9D8-996B-4E93-9ACE-CCC66D545D46}.Release|Any CPU.ActiveCfg = Release|Any CPU
		{2A54B9D8-996B-4E93-9ACE-CCC66D545D46}.Release|Any CPU.Build.0 = Release|Any CPU
		{DEE3CCB4-139B-43B4-9756-E9B92B953053}.Debug|Any CPU.ActiveCfg = Debug|Any CPU
		{DEE3CCB4-139B-43B4-9756-E9B92B953053}.Debug|Any CPU.Build.0 = Debug|Any CPU
		{DEE3CCB4-139B-43B4-9756-E9B92B953053}.Release|Any CPU.ActiveCfg = Release|Any CPU
		{DEE3CCB4-139B-43B4-9756-E9B92B953053}.Release|Any CPU.Build.0 = Release|Any CPU
		{3582DAA4-F5DF-410A-AB4B-0D64212CC2AD}.Debug|Any CPU.ActiveCfg = Debug|Any CPU
		{3582DAA4-F5DF-410A-AB4B-0D64212CC2AD}.Debug|Any CPU.Build.0 = Debug|Any CPU
		{3582DAA4-F5DF-410A-AB4B-0D64212CC2AD}.Release|Any CPU.ActiveCfg = Release|Any CPU
		{3582DAA4-F5DF-410A-AB4B-0D64212CC2AD}.Release|Any CPU.Build.0 = Release|Any CPU
		{2DE5EF71-0E50-480E-B4D0-EA140CAA0239}.Debug|Any CPU.ActiveCfg = Debug|Any CPU
		{2DE5EF71-0E50-480E-B4D0-EA140CAA0239}.Debug|Any CPU.Build.0 = Debug|Any CPU
		{2DE5EF71-0E50-480E-B4D0-EA140CAA0239}.Release|Any CPU.ActiveCfg = Release|Any CPU
		{2DE5EF71-0E50-480E-B4D0-EA140CAA0239}.Release|Any CPU.Build.0 = Release|Any CPU
		{ABE7CB99-0FD6-4C86-A103-1140F27F2F49}.Debug|Any CPU.ActiveCfg = Debug|Any CPU
		{ABE7CB99-0FD6-4C86-A103-1140F27F2F49}.Debug|Any CPU.Build.0 = Debug|Any CPU
		{ABE7CB99-0FD6-4C86-A103-1140F27F2F49}.Release|Any CPU.ActiveCfg = Release|Any CPU
		{ABE7CB99-0FD6-4C86-A103-1140F27F2F49}.Release|Any CPU.Build.0 = Release|Any CPU
		{F22DECE7-5280-45BE-BBB0-DA3637405712}.Debug|Any CPU.ActiveCfg = Debug|Any CPU
		{F22DECE7-5280-45BE-BBB0-DA3637405712}.Debug|Any CPU.Build.0 = Debug|Any CPU
		{F22DECE7-5280-45BE-BBB0-DA3637405712}.Release|Any CPU.ActiveCfg = Release|Any CPU
		{F22DECE7-5280-45BE-BBB0-DA3637405712}.Release|Any CPU.Build.0 = Release|Any CPU
		{95677745-A18D-4F4A-9C61-8288FF462F33}.Debug|Any CPU.ActiveCfg = Debug|Any CPU
		{95677745-A18D-4F4A-9C61-8288FF462F33}.Debug|Any CPU.Build.0 = Debug|Any CPU
		{95677745-A18D-4F4A-9C61-8288FF462F33}.Release|Any CPU.ActiveCfg = Release|Any CPU
		{95677745-A18D-4F4A-9C61-8288FF462F33}.Release|Any CPU.Build.0 = Release|Any CPU
	EndGlobalSection
	GlobalSection(SolutionProperties) = preSolution
		HideSolutionNode = FALSE
	EndGlobalSection
	GlobalSection(ExtensibilityGlobals) = postSolution
		SolutionGuid = {0027CCA0-6C24-47B7-AE7D-5124D0E57572}
	EndGlobalSection
EndGlobal
